{
    "name": "placeholder-for-fe-app",
    "lockfileVersion": 3,
    "requires": true,
    "packages": {
        "": {
            "name": "placeholder-for-fe-app",
            "dependencies": {
                "empty-npm-package": "^1.0"
            }
        },
        "node_modules/empty-npm-package": {
            "version": "1.0.0",
            "resolved": "https://registry.npmjs.org/empty-npm-package/-/empty-npm-package-1.0.0.tgz",
            "integrity": "sha512-q4Mq/+XO7UNDdMiPpR/LIBIW1Zl4V0Z6UT9aKGqIAnBCtCb3lvZJM1KbDbdzdC8fKflwflModfjR29Nt0EpcwA=="
        }
    }
}
